
Microsoft Visual Studio Solution File, Format Version 12.00
# Visual Studio Version 17
VisualStudioVersion = 17.0.32112.339
MinimumVisualStudioVersion = 10.0.40219.1
Project("{FAE04EC0-301F-11D3-BF4B-00C04F79EFBC}") = "CsCiCdWebApplication", "CsCiCdWebApplication\CsCiCdWebApplication.csproj", "{0FD5483C-671F-4FFD-B66A-C8D882F20781}"
EndProject
Project("{2150E333-8FDC-42A3-9474-1A3956D46DE8}") = "Solution Items", "Solution Items", "{7C78B257-2C76-4F7B-9D80-AF15BC5E725C}"
	ProjectSection(SolutionItems) = preProject
		Dockerfile = Dockerfile
	EndProjectSection
EndProject
Global
	GlobalSection(SolutionConfigurationPlatforms) = preSolution
		Debug|Any CPU = Debug|Any CPU
		Release|Any CPU = Release|Any CPU
	EndGlobalSection
	GlobalSection(ProjectConfigurationPlatforms) = postSolution
		{0FD5483C-671F-4FFD-B66A-C8D882F20781}.Debug|Any CPU.ActiveCfg = Debug|Any CPU
		{0FD5483C-671F-4FFD-B66A-C8D882F20781}.Debug|Any CPU.Build.0 = Debug|Any CPU
		{0FD5483C-671F-4FFD-B66A-C8D882F20781}.Release|Any CPU.ActiveCfg = Release|Any CPU
		{0FD5483C-671F-4FFD-B66A-C8D882F20781}.Release|Any CPU.Build.0 = Release|Any CPU
	EndGlobalSection
	GlobalSection(SolutionProperties) = preSolution
		HideSolutionNode = FALSE
	EndGlobalSection
	GlobalSection(ExtensibilityGlobals) = postSolution
		SolutionGuid = {B1636083-E923-4B25-8B47-36E47BFE36A7}
	EndGlobalSection
EndGlobal
